
Microsoft Visual Studio Solution File, Format Version 12.00
# Visual Studio 15
VisualStudioVersion = 15.0.28307.106
MinimumVisualStudioVersion = 10.0.40219.1
Project("{8BC9CEB8-8B4A-11D0-8D11-00A0C91BC942}") = "八皇后", "八皇后\八皇后.vcxproj", "{E2950BF2-BC03-4F84-9C81-1159378A39DF}"
EndProject
Project("{8BC9CEB8-8B4A-11D0-8D11-00A0C91BC942}") = "test", "test\test.vcxproj", "{B3F90857-6122-4AF6-93A7-351ABE36D6C4}"
EndProject
Global
	GlobalSection(SolutionConfigurationPlatforms) = preSolution
		Debug|x64 = Debug|x64
		Debug|x86 = Debug|x86
		Release|x64 = Release|x64
		Release|x86 = Release|x86
	EndGlobalSection
	GlobalSection(ProjectConfigurationPlatforms) = postSolution
		{E2950BF2-BC03-4F84-9C81-1159378A39DF}.Debug|x64.ActiveCfg = Debug|x64
		{E2950BF2-BC03-4F84-9C81-1159378A39DF}.Debug|x64.Build.0 = Debug|x64
		{E2950BF2-BC03-4F84-9C81-1159378A39DF}.Debug|x86.ActiveCfg = Debug|Win32
		{E2950BF2-BC03-4F84-9C81-1159378A39DF}.Debug|x86.Build.0 = Debug|Win32
		{E2950BF2-BC03-4F84-9C81-1159378A39DF}.Release|x64.ActiveCfg = Release|x64
		{E2950BF2-BC03-4F84-9C81-1159378A39DF}.Release|x64.Build.0 = Release|x64
		{E2950BF2-BC03-4F84-9C81-1159378A39DF}.Release|x86.ActiveCfg = Release|Win32
		{E2950BF2-BC03-4F84-9C81-1159378A39DF}.Release|x86.Build.0 = Release|Win32
		{B3F90857-6122-4AF6-93A7-351ABE36D6C4}.Debug|x64.ActiveCfg = Debug|x64
		{B3F90857-6122-4AF6-93A7-351ABE36D6C4}.Debug|x64.Build.0 = Debug|x64
		{B3F90857-6122-4AF6-93A7-351ABE36D6C4}.Debug|x86.ActiveCfg = Debug|Win32
		{B3F90857-6122-4AF6-93A7-351ABE36D6C4}.Debug|x86.Build.0 = Debug|Win32
		{B3F90857-6122-4AF6-93A7-351ABE36D6C4}.Release|x64.ActiveCfg = Release|x64
		{B3F90857-6122-4AF6-93A7-351ABE36D6C4}.Release|x64.Build.0 = Release|x64
		{B3F90857-6122-4AF6-93A7-351ABE36D6C4}.Release|x86.ActiveCfg = Release|Win32
		{B3F90857-6122-4AF6-93A7-351ABE36D6C4}.Release|x86.Build.0 = Release|Win32
	EndGlobalSection
	GlobalSection(SolutionProperties) = preSolution
		HideSolutionNode = FALSE
	EndGlobalSection
	GlobalSection(ExtensibilityGlobals) = postSolution
		SolutionGuid = {BF078938-E47D-4C18-95AA-20111FF3F742}
	EndGlobalSection
EndGlobal
